
Microsoft Visual Studio Solution File, Format Version 12.00
# Visual Studio Version 17
VisualStudioVersion = 17.0.31903.59
MinimumVisualStudioVersion = 10.0.40219.1
Project("{9A19103F-16F7-4668-BE54-9A1E7A4F7556}") = "Runner", "Runner\Runner.csproj", "{24834EF0-886D-44B1-9391-C583598D5FE1}"
EndProject
Project("{FAE04EC0-301F-11D3-BF4B-00C04F79EFBC}") = "ThunderMC", "ThunderMC\ThunderMC.csproj", "{E0F335B0-E591-4454-A11A-C21B5601CCE8}"
EndProject
Project("{9A19103F-16F7-4668-BE54-9A1E7A4F7556}") = "ThunderCLI", "ThunderCLI\ThunderCLI.csproj", "{95D2CBBB-37F6-4FA8-94B2-9280560B01DF}"
EndProject
Project("{9A19103F-16F7-4668-BE54-9A1E7A4F7556}") = "Logger", "Logger\Logger.csproj", "{3950D88B-A5FD-4F69-B545-6AABCD6C2921}"
EndProject
Project("{2150E333-8FDC-42A3-9474-1A3956D46DE8}") = "Solution Items", "Solution Items", "{1C4D84F7-FD87-4D34-967B-9574AB938304}"
	ProjectSection(SolutionItems) = preProject
		.editorconfig = .editorconfig
	EndProjectSection
EndProject
Global
	GlobalSection(SolutionConfigurationPlatforms) = preSolution
		Debug|Any CPU = Debug|Any CPU
		Debug|x64 = Debug|x64
		Debug|x86 = Debug|x86
		Release|Any CPU = Release|Any CPU
		Release|x64 = Release|x64
		Release|x86 = Release|x86
	EndGlobalSection
	GlobalSection(ProjectConfigurationPlatforms) = postSolution
		{24834EF0-886D-44B1-9391-C583598D5FE1}.Debug|Any CPU.ActiveCfg = Debug|Any CPU
		{24834EF0-886D-44B1-9391-C583598D5FE1}.Debug|Any CPU.Build.0 = Debug|Any CPU
		{24834EF0-886D-44B1-9391-C583598D5FE1}.Debug|x64.ActiveCfg = Debug|Any CPU
		{24834EF0-886D-44B1-9391-C583598D5FE1}.Debug|x64.Build.0 = Debug|Any CPU
		{24834EF0-886D-44B1-9391-C583598D5FE1}.Debug|x86.ActiveCfg = Debug|Any CPU
		{24834EF0-886D-44B1-9391-C583598D5FE1}.Debug|x86.Build.0 = Debug|Any CPU
		{24834EF0-886D-44B1-9391-C583598D5FE1}.Release|Any CPU.ActiveCfg = Release|Any CPU
		{24834EF0-886D-44B1-9391-C583598D5FE1}.Release|Any CPU.Build.0 = Release|Any CPU
		{24834EF0-886D-44B1-9391-C583598D5FE1}.Release|x64.ActiveCfg = Release|Any CPU
		{24834EF0-886D-44B1-9391-C583598D5FE1}.Release|x64.Build.0 = Release|Any CPU
		{24834EF0-886D-44B1-9391-C583598D5FE1}.Release|x86.ActiveCfg = Release|Any CPU
		{24834EF0-886D-44B1-9391-C583598D5FE1}.Release|x86.Build.0 = Release|Any CPU
		{E0F335B0-E591-4454-A11A-C21B5601CCE8}.Debug|Any CPU.ActiveCfg = Debug|Any CPU
		{E0F335B0-E591-4454-A11A-C21B5601CCE8}.Debug|Any CPU.Build.0 = Debug|Any CPU
		{E0F335B0-E591-4454-A11A-C21B5601CCE8}.Debug|x64.ActiveCfg = Debug|Any CPU
		{E0F335B0-E591-4454-A11A-C21B5601CCE8}.Debug|x64.Build.0 = Debug|Any CPU
		{E0F335B0-E591-4454-A11A-C21B5601CCE8}.Debug|x86.ActiveCfg = Debug|Any CPU
		{E0F335B0-E591-4454-A11A-C21B5601CCE8}.Debug|x86.Build.0 = Debug|Any CPU
		{E0F335B0-E591-4454-A11A-C21B5601CCE8}.Release|Any CPU.ActiveCfg = Release|Any CPU
		{E0F335B0-E591-4454-A11A-C21B5601CCE8}.Release|Any CPU.Build.0 = Release|Any CPU
		{E0F335B0-E591-4454-A11A-C21B5601CCE8}.Release|x64.ActiveCfg = Release|Any CPU
		{E0F335B0-E591-4454-A11A-C21B5601CCE8}.Release|x64.Build.0 = Release|Any CPU
		{E0F335B0-E591-4454-A11A-C21B5601CCE8}.Release|x86.ActiveCfg = Release|Any CPU
		{E0F335B0-E591-4454-A11A-C21B5601CCE8}.Release|x86.Build.0 = Release|Any CPU
		{95D2CBBB-37F6-4FA8-94B2-9280560B01DF}.Debug|Any CPU.ActiveCfg = Debug|Any CPU
		{95D2CBBB-37F6-4FA8-94B2-9280560B01DF}.Debug|Any CPU.Build.0 = Debug|Any CPU
		{95D2CBBB-37F6-4FA8-94B2-9280560B01DF}.Debug|x64.ActiveCfg = Debug|Any CPU
		{95D2CBBB-37F6-4FA8-94B2-9280560B01DF}.Debug|x64.Build.0 = Debug|Any CPU
		{95D2CBBB-37F6-4FA8-94B2-9280560B01DF}.Debug|x86.ActiveCfg = Debug|Any CPU
		{95D2CBBB-37F6-4FA8-94B2-9280560B01DF}.Debug|x86.Build.0 = Debug|Any CPU
		{95D2CBBB-37F6-4FA8-94B2-9280560B01DF}.Release|Any CPU.ActiveCfg = Release|Any CPU
		{95D2CBBB-37F6-4FA8-94B2-9280560B01DF}.Release|Any CPU.Build.0 = Release|Any CPU
		{95D2CBBB-37F6-4FA8-94B2-9280560B01DF}.Release|x64.ActiveCfg = Release|Any CPU
		{95D2CBBB-37F6-4FA8-94B2-9280560B01DF}.Release|x64.Build.0 = Release|Any CPU
		{95D2CBBB-37F6-4FA8-94B2-9280560B01DF}.Release|x86.ActiveCfg = Release|Any CPU
		{95D2CBBB-37F6-4FA8-94B2-9280560B01DF}.Release|x86.Build.0 = Release|Any CPU
		{3950D88B-A5FD-4F69-B545-6AABCD6C2921}.Debug|Any CPU.ActiveCfg = Debug|Any CPU
		{3950D88B-A5FD-4F69-B545-6AABCD6C2921}.Debug|Any CPU.Build.0 = Debug|Any CPU
		{3950D88B-A5FD-4F69-B545-6AABCD6C2921}.Debug|x64.ActiveCfg = Debug|Any CPU
		{3950D88B-A5FD-4F69-B545-6AABCD6C2921}.Debug|x64.Build.0 = Debug|Any CPU
		{3950D88B-A5FD-4F69-B545-6AABCD6C2921}.Debug|x86.ActiveCfg = Debug|Any CPU
		{3950D88B-A5FD-4F69-B545-6AABCD6C2921}.Debug|x86.Build.0 = Debug|Any CPU
		{3950D88B-A5FD-4F69-B545-6AABCD6C2921}.Release|Any CPU.ActiveCfg = Release|Any CPU
		{3950D88B-A5FD-4F69-B545-6AABCD6C2921}.Release|Any CPU.Build.0 = Release|Any CPU
		{3950D88B-A5FD-4F69-B545-6AABCD6C2921}.Release|x64.ActiveCfg = Release|Any CPU
		{3950D88B-A5FD-4F69-B545-6AABCD6C2921}.Release|x64.Build.0 = Release|Any CPU
		{3950D88B-A5FD-4F69-B545-6AABCD6C2921}.Release|x86.ActiveCfg = Release|Any CPU
		{3950D88B-A5FD-4F69-B545-6AABCD6C2921}.Release|x86.Build.0 = Release|Any CPU
	EndGlobalSection
	GlobalSection(SolutionProperties) = preSolution
		HideSolutionNode = FALSE
	EndGlobalSection
	GlobalSection(ExtensibilityGlobals) = postSolution
		SolutionGuid = {6B8B9198-D6EE-4007-9394-BCCDF67D178C}
	EndGlobalSection
EndGlobal
